
Microsoft Visual Studio Solution File, Format Version 12.00
# Visual Studio 2017
Project("{FAE04EC0-301F-11D3-BF4B-00C04F79EFBC}") = "jumptut", "jumptut.csproj", "{E4755C6C-E2D0-29CA-647E-F3D90F7AE3AC}"
EndProject
Global
	GlobalSection(SolutionConfigurationPlatforms) = preSolution
		Debug|Any CPU = Debug|Any CPU
		Release|Any CPU = Release|Any CPU
	EndGlobalSection
	GlobalSection(ProjectConfigurationPlatforms) = postSolution
		{E4755C6C-E2D0-29CA-647E-F3D90F7AE3AC}.Debug|Any CPU.ActiveCfg = Debug|Any CPU
		{E4755C6C-E2D0-29CA-647E-F3D90F7AE3AC}.Debug|Any CPU.Build.0 = Debug|Any CPU
		{E4755C6C-E2D0-29CA-647E-F3D90F7AE3AC}.Release|Any CPU.ActiveCfg = Release|Any CPU
		{E4755C6C-E2D0-29CA-647E-F3D90F7AE3AC}.Release|Any CPU.Build.0 = Release|Any CPU
	EndGlobalSection
	GlobalSection(SolutionProperties) = preSolution
		HideSolutionNode = FALSE
	EndGlobalSection
EndGlobal
